
Microsoft Visual Studio Solution File, Format Version 12.00
# Visual Studio 14
VisualStudioVersion = 14.0.24720.0
MinimumVisualStudioVersion = 10.0.40219.1
Project("{FAE04EC0-301F-11D3-BF4B-00C04F79EFBC}") = "AmenixEditer", "AmenixEditer\AmenixEditer.csproj", "{0A2A31E3-B62A-4379-8B73-53A02052FA50}"
EndProject
Global
	GlobalSection(SolutionConfigurationPlatforms) = preSolution
		Debug|Any CPU = Debug|Any CPU
		Release|Any CPU = Release|Any CPU
	EndGlobalSection
	GlobalSection(ProjectConfigurationPlatforms) = postSolution
		{0A2A31E3-B62A-4379-8B73-53A02052FA50}.Debug|Any CPU.ActiveCfg = Debug|Any CPU
		{0A2A31E3-B62A-4379-8B73-53A02052FA50}.Debug|Any CPU.Build.0 = Debug|Any CPU
		{0A2A31E3-B62A-4379-8B73-53A02052FA50}.Release|Any CPU.ActiveCfg = Release|Any CPU
		{0A2A31E3-B62A-4379-8B73-53A02052FA50}.Release|Any CPU.Build.0 = Release|Any CPU
	EndGlobalSection
	GlobalSection(SolutionProperties) = preSolution
		HideSolutionNode = FALSE
	EndGlobalSection
EndGlobal
